{
  "name": "archaos-vite",
  "version": "0.0.1",
  "lockfileVersion": 1,
  "requires": true,
  "dependencies": {
    "anymatch": {
      "version": "3.1.2",
      "resolved": "https://registry.npmjs.org/anymatch/-/anymatch-3.1.2.tgz",
      "integrity": "sha512-P43ePfOAIupkguHUycrc4qJ9kz8ZiuOUijaETwX7THt0Y/GNK7v0aa8rY816xWjZ7rJdA5XdMcpVFTKMq+RvWg==",
      "dev": true,
      "requires": {
        "normalize-path": "^3.0.0",
        "picomatch": "^2.0.4"
      }
    },
    "binary-extensions": {
      "version": "2.2.0",
      "resolved": "https://registry.npmjs.org/binary-extensions/-/binary-extensions-2.2.0.tgz",
      "integrity": "sha512-jDctJ/IVQbZoJykoeHbhXpOlNBqGNcwXJKJog42E5HDPUwQTSdjCHdihjj0DlnheQ7blbT6dHOafNAiS8ooQKA==",
      "dev": true
    },
    "braces": {
      "version": "3.0.2",
      "resolved": "https://registry.npmjs.org/braces/-/braces-3.0.2.tgz",
      "integrity": "sha512-b8um+L1RzM3WDSzvhm6gIz1yfTbBt6YTlcEKAvsmqCZZFw46z626lVj9j1yEPW33H5H+lBQpZMP1k8l+78Ha0A==",
      "dev": true,
      "requires": {
        "fill-range": "^7.0.1"
      }
    },
    "chokidar": {
      "version": "3.5.2",
      "resolved": "https://registry.npmjs.org/chokidar/-/chokidar-3.5.2.tgz",
      "integrity": "sha512-ekGhOnNVPgT77r4K/U3GDhu+FQ2S8TnK/s2KbIGXi0SZWuwkZ2QNyfWdZW+TVfn84DpEP7rLeCt2UI6bJ8GwbQ==",
      "dev": true,
      "requires": {
        "anymatch": "~3.1.2",
        "braces": "~3.0.2",
        "fsevents": "~2.3.2",
        "glob-parent": "~5.1.2",
        "is-binary-path": "~2.1.0",
        "is-glob": "~4.0.1",
        "normalize-path": "~3.0.0",
        "readdirp": "~3.6.0"
      }
    },
    "esbuild": {
      "version": "0.13.11",
      "resolved": "https://registry.npmjs.org/esbuild/-/esbuild-0.13.11.tgz",
      "integrity": "sha512-LeKT6wgEJX+U78L8O6Me71NtV18pO2iGJv3hBeOPMk+wArxHvQqv/cU8uZ97i+rge25DOrLNKBlzN3ofyoS1sg==",
      "dev": true,
      "requires": {
        "esbuild-android-arm64": "0.13.11",
        "esbuild-darwin-64": "0.13.11",
        "esbuild-darwin-arm64": "0.13.11",
        "esbuild-freebsd-64": "0.13.11",
        "esbuild-freebsd-arm64": "0.13.11",
        "esbuild-linux-32": "0.13.11",
        "esbuild-linux-64": "0.13.11",
        "esbuild-linux-arm": "0.13.11",
        "esbuild-linux-arm64": "0.13.11",
        "esbuild-linux-mips64le": "0.13.11",
        "esbuild-linux-ppc64le": "0.13.11",
        "esbuild-netbsd-64": "0.13.11",
        "esbuild-openbsd-64": "0.13.11",
        "esbuild-sunos-64": "0.13.11",
        "esbuild-windows-32": "0.13.11",
        "esbuild-windows-64": "0.13.11",
        "esbuild-windows-arm64": "0.13.11"
      }
    },
    "esbuild-android-arm64": {
      "version": "0.13.11",
      "resolved": "https://registry.npmjs.org/esbuild-android-arm64/-/esbuild-android-arm64-0.13.11.tgz",
      "integrity": "sha512-5D6wfGwqbYcsj2Rtsdilt7TFi1i2vo/OcDNc+bBzdveQ0dgsXq07ImnHZ1fjKCjvQrjZz2oDCvKyMso3YyTEtQ==",
      "dev": true,
      "optional": true
    },
    "esbuild-darwin-64": {
      "version": "0.13.11",
      "resolved": "https://registry.npmjs.org/esbuild-darwin-64/-/esbuild-darwin-64-0.13.11.tgz",
      "integrity": "sha512-5SLEfyBVyTjTWBD8bMUsCsFmiiYQQhcA29mjOfooPVbk8Xq4pc0Cl8l+XQStO5ntnX5xh8su+z4LGCJ15rE2Gw==",
      "dev": true,
      "optional": true
    },
    "esbuild-darwin-arm64": {
      "version": "0.13.11",
      "resolved": "https://registry.npmjs.org/esbuild-darwin-arm64/-/esbuild-darwin-arm64-0.13.11.tgz",
      "integrity": "sha512-davfRUaAqC1dAaN/Re0yG7wHj30EMw0EzzCoUfIAzuiuwHTJk9vwCZ+eVVz5n7cDy/mtaYLUJTNcmeVnperGIQ==",
      "dev": true,
      "optional": true
    },
    "esbuild-freebsd-64": {
      "version": "0.13.11",
      "resolved": "https://registry.npmjs.org/esbuild-freebsd-64/-/esbuild-freebsd-64-0.13.11.tgz",
      "integrity": "sha512-xQS/TuL7nBWwhYilIUHGhce0dLLMG+fsn8X6r78rDVEuSZPoTmP4ClVkM6uW+3OaKMBrel1VUXnFJ79Mg/n+lw==",
      "dev": true,
      "optional": true
    },
    "esbuild-freebsd-arm64": {
      "version": "0.13.11",
      "resolved": "https://registry.npmjs.org/esbuild-freebsd-arm64/-/esbuild-freebsd-arm64-0.13.11.tgz",
      "integrity": "sha512-xU5G1UL/TWhgar9qAjDmnFVRWI//XFTHrG3SCpyhSMgOqrlD0ySgW1SSXEBVHfQu0JIEKQZ0uQpreS0pXt20/A==",
      "dev": true,
      "optional": true
    },
    "esbuild-linux-32": {
      "version": "0.13.11",
      "resolved": "https://registry.npmjs.org/esbuild-linux-32/-/esbuild-linux-32-0.13.11.tgz",
      "integrity": "sha512-P2a4eEtpRP6KHzTY30xEVOFpIFVZoa48/bjB+V5jXGRk5iKSsX4Akq3amXotz66GDBSEiaz1uSJ1Nu80HfA1Mw==",
      "dev": true,
      "optional": true
    },
    "esbuild-linux-64": {
      "version": "0.13.11",
      "resolved": "https://registry.npmjs.org/esbuild-linux-64/-/esbuild-linux-64-0.13.11.tgz",
      "integrity": "sha512-Lk5JfLpQhaLGK+h4WFc8GQNP+uX5olqQLcomROlKUjxuAn+T+8+EI6CEX5FANu/Y/QlzC57zfvkxqRRUAZ9bdg==",
      "dev": true,
      "optional": true
    },
    "esbuild-linux-arm": {
      "version": "0.13.11",
      "resolved": "https://registry.npmjs.org/esbuild-linux-arm/-/esbuild-linux-arm-0.13.11.tgz",
      "integrity": "sha512-K+pYBQr5AAyqe0D4GSFzZF3qnoUf2HG6W4ox8L5dYe20fTfq6o9CaRQpcp7nCYzM1ZSOJR1gK/Xzsn1YRp5lpg==",
      "dev": true,
      "optional": true
    },
    "esbuild-linux-arm64": {
      "version": "0.13.11",
      "resolved": "https://registry.npmjs.org/esbuild-linux-arm64/-/esbuild-linux-arm64-0.13.11.tgz",
      "integrity": "sha512-wOPaXH5Z0qkT2dsm7nWJ44jysXUVQ3IS6a0lXprE3AYLt7PCqATrlXOMwuQngJEMqxxvM9svaI3lTqU+E9sxlQ==",
      "dev": true,
      "optional": true
    },
    "esbuild-linux-mips64le": {
      "version": "0.13.11",
      "resolved": "https://registry.npmjs.org/esbuild-linux-mips64le/-/esbuild-linux-mips64le-0.13.11.tgz",
      "integrity": "sha512-pupByBqNyyfFYfsIpprkie62NdZ424LmMhWWMfLav59DLOoG3Tn9DBam5lLeVX4eW1SCZgsGcfBAoaReCK7TZg==",
      "dev": true,
      "optional": true
    },
    "esbuild-linux-ppc64le": {
      "version": "0.13.11",
      "resolved": "https://registry.npmjs.org/esbuild-linux-ppc64le/-/esbuild-linux-ppc64le-0.13.11.tgz",
      "integrity": "sha512-6F5n+XPLBfLjzSWvY32hS0b9UxLMtrcGD+1fCAdzXGSyT4Z35LsDTPZtFHHdczfvaGqsoIaEwbdihoOTg86uow==",
      "dev": true,
      "optional": true
    },
    "esbuild-netbsd-64": {
      "version": "0.13.11",
      "resolved": "https://registry.npmjs.org/esbuild-netbsd-64/-/esbuild-netbsd-64-0.13.11.tgz",
      "integrity": "sha512-0/DInmj0wcFewOmK8Ek8dkMLRev3/9eZyYhruqhZdjWq4hfi9APnn3gOxgj3dDo3Q4Dhc8pFqA9SpxD5KXGH2Q==",
      "dev": true,
      "optional": true
    },
    "esbuild-openbsd-64": {
      "version": "0.13.11",
      "resolved": "https://registry.npmjs.org/esbuild-openbsd-64/-/esbuild-openbsd-64-0.13.11.tgz",
      "integrity": "sha512-QkWZt2D/XGD3gejRTX0mQx3oPuYTdSpLJ4H9cQlsec/WNCRW17DDqb61UE38PozMKO2EfpE+znWc/uLoA7tyGA==",
      "dev": true,
      "optional": true
    },
    "esbuild-sunos-64": {
      "version": "0.13.11",
      "resolved": "https://registry.npmjs.org/esbuild-sunos-64/-/esbuild-sunos-64-0.13.11.tgz",
      "integrity": "sha512-mQ6BjPBsajbSzqMJZHodS2Z2UCtrUftFQR/cWPMyL/y7sF/OJwgpG4vif1jxCPB/rgU239fTyIJnwQHblqpkjQ==",
      "dev": true,
      "optional": true
    },
    "esbuild-windows-32": {
      "version": "0.13.11",
      "resolved": "https://registry.npmjs.org/esbuild-windows-32/-/esbuild-windows-32-0.13.11.tgz",
      "integrity": "sha512-CBrsaverrBed3wo+fz9uMtmEaaetUGv29rXbZipFX1wqlFOFFmrA3l97P/4MLOIP8NlOZheVLwEdKWiT5dIV4Q==",
      "dev": true,
      "optional": true
    },
    "esbuild-windows-64": {
      "version": "0.13.11",
      "resolved": "https://registry.npmjs.org/esbuild-windows-64/-/esbuild-windows-64-0.13.11.tgz",
      "integrity": "sha512-Lg3XTGO8jfYEJnnErqbMeXlRd4SiB2gYqsbH828cy8z52fsGOWEfmVyyzRYHFnMOVXHnV9njk8aj/gvdzhXtuQ==",
      "dev": true,
      "optional": true
    },
    "esbuild-windows-arm64": {
      "version": "0.13.11",
      "resolved": "https://registry.npmjs.org/esbuild-windows-arm64/-/esbuild-windows-arm64-0.13.11.tgz",
      "integrity": "sha512-D9k0+gZhyTreG8UDYV4O/TTA9zcvnCKI+FnoS+Qun+2nD9CDXkLkA2jSJIPAme1dzQoMJpxwkOVWjLXKkMDc+Q==",
      "dev": true,
      "optional": true
    },
    "eventemitter3": {
      "version": "4.0.7",
      "resolved": "https://registry.npmjs.org/eventemitter3/-/eventemitter3-4.0.7.tgz",
      "integrity": "sha512-8guHBZCwKnFhYdHr2ysuRWErTwhoN2X8XELRlrRwpmfeY2jjuUN4taQMsULKUVo1K4DvZl+0pgfyoysHxvmvEw=="
    },
    "fill-range": {
      "version": "7.0.1",
      "resolved": "https://registry.npmjs.org/fill-range/-/fill-range-7.0.1.tgz",
      "integrity": "sha512-qOo9F+dMUmC2Lcb4BbVvnKJxTPjCm+RRpe4gDuGrzkL7mEVl/djYSu2OdQ2Pa302N4oqkSg9ir6jaLWJ2USVpQ==",
      "dev": true,
      "requires": {
        "to-regex-range": "^5.0.1"
      }
    },
    "fsevents": {
      "version": "2.3.2",
      "resolved": "https://registry.npmjs.org/fsevents/-/fsevents-2.3.2.tgz",
      "integrity": "sha512-xiqMQR4xAeHTuB9uWm+fFRcIOgKBMiOBP+eXiyT7jsgVCq1bkVygt00oASowB7EdtpOHaaPgKt812P9ab+DDKA==",
      "dev": true,
      "optional": true
    },
    "function-bind": {
      "version": "1.1.1",
      "resolved": "https://registry.npmjs.org/function-bind/-/function-bind-1.1.1.tgz",
      "integrity": "sha512-yIovAzMX49sF8Yl58fSCWJ5svSLuaibPxXQJFLmBObTuCr0Mf1KiPopGM9NiFjiYBCbfaa2Fh6breQ6ANVTI0A==",
      "dev": true
    },
    "glob-parent": {
      "version": "5.1.2",
      "resolved": "https://registry.npmjs.org/glob-parent/-/glob-parent-5.1.2.tgz",
      "integrity": "sha512-AOIgSQCepiJYwP3ARnGx+5VnTu2HBYdzbGP45eLw1vr3zB3vZLeyed1sC9hnbcOc9/SrMyM5RPQrkGz4aS9Zow==",
      "dev": true,
      "requires": {
        "is-glob": "^4.0.1"
      }
    },
    "has": {
      "version": "1.0.3",
      "resolved": "https://registry.npmjs.org/has/-/has-1.0.3.tgz",
      "integrity": "sha512-f2dvO0VU6Oej7RkWJGrehjbzMAjFp5/VKPp5tTpWIV4JHHZK1/BxbFRtf/siA2SWTe09caDmVtYYzWEIbBS4zw==",
      "dev": true,
      "requires": {
        "function-bind": "^1.1.1"
      }
    },
    "inherits": {
      "version": "2.0.3",
      "resolved": "https://registry.npmjs.org/inherits/-/inherits-2.0.3.tgz",
      "integrity": "sha1-Yzwsg+PaQqUC9SRmAiSA9CCCYd4="
    },
    "is-binary-path": {
      "version": "2.1.0",
      "resolved": "https://registry.npmjs.org/is-binary-path/-/is-binary-path-2.1.0.tgz",
      "integrity": "sha512-ZMERYes6pDydyuGidse7OsHxtbI7WVeUEozgR/g7rd0xUimYNlvZRE/K2MgZTjWy725IfelLeVcEM97mmtRGXw==",
      "dev": true,
      "requires": {
        "binary-extensions": "^2.0.0"
      }
    },
    "is-core-module": {
      "version": "2.8.0",
      "resolved": "https://registry.npmjs.org/is-core-module/-/is-core-module-2.8.0.tgz",
      "integrity": "sha512-vd15qHsaqrRL7dtH6QNuy0ndJmRDrS9HAM1CAiSifNUFv4x1a0CCVsj18hJ1mShxIG6T2i1sO78MkP56r0nYRw==",
      "dev": true,
      "requires": {
        "has": "^1.0.3"
      }
    },
    "is-extglob": {
      "version": "2.1.1",
      "resolved": "https://registry.npmjs.org/is-extglob/-/is-extglob-2.1.1.tgz",
      "integrity": "sha1-qIwCU1eR8C7TfHahueqXc8gz+MI=",
      "dev": true
    },
    "is-glob": {
      "version": "4.0.3",
      "resolved": "https://registry.npmjs.org/is-glob/-/is-glob-4.0.3.tgz",
      "integrity": "sha512-xelSayHH36ZgE7ZWhli7pW34hNbNl8Ojv5KVmkJD4hBdD3th8Tfk9vYasLM+mXWOZhFkgZfxhLSnrwRr4elSSg==",
      "dev": true,
      "requires": {
        "is-extglob": "^2.1.1"
      }
    },
    "is-number": {
      "version": "7.0.0",
      "resolved": "https://registry.npmjs.org/is-number/-/is-number-7.0.0.tgz",
      "integrity": "sha512-41Cifkg6e8TylSpdtTpeLVMqvSBEVzTttHvERD741+pnZ8ANv0004MRL43QKPDlK9cGvNp6NZWZUBlbGXYxxng==",
      "dev": true
    },
    "nanoid": {
      "version": "3.1.30",
      "resolved": "https://registry.npmjs.org/nanoid/-/nanoid-3.1.30.tgz",
      "integrity": "sha512-zJpuPDwOv8D2zq2WRoMe1HsfZthVewpel9CAvTfc/2mBD1uUT/agc5f7GHGWXlYkFvi1mVxe4IjvP2HNrop7nQ==",
      "dev": true
    },
    "normalize-path": {
      "version": "3.0.0",
      "resolved": "https://registry.npmjs.org/normalize-path/-/normalize-path-3.0.0.tgz",
      "integrity": "sha512-6eZs5Ls3WtCisHWp9S2GUy8dqkpGi4BVSz3GaqiE6ezub0512ESztXUwUB6C6IKbQkY2Pnb/mD4WYojCRwcwLA==",
      "dev": true
    },
    "path": {
      "version": "0.12.7",
      "resolved": "https://registry.npmjs.org/path/-/path-0.12.7.tgz",
      "integrity": "sha1-1NwqUGxM4hl+tIHr/NWzbAFAsQ8=",
      "requires": {
        "process": "^0.11.1",
        "util": "^0.10.3"
      }
    },
    "path-parse": {
      "version": "1.0.7",
      "resolved": "https://registry.npmjs.org/path-parse/-/path-parse-1.0.7.tgz",
      "integrity": "sha512-LDJzPVEEEPR+y48z93A0Ed0yXb8pAByGWo/k5YYdYgpY2/2EsOsksJrq7lOHxryrVOn1ejG6oAp8ahvOIQD8sw==",
      "dev": true
    },
    "phaser": {
      "version": "3.55.2",
      "resolved": "https://registry.npmjs.org/phaser/-/phaser-3.55.2.tgz",
      "integrity": "sha512-amKXsbb2Ht29dGPKvt1edq3yGGYKtq8373GpJYGKPNPnneYY6MtVTOgjHDuZwtmUyK4v86FugkT3hzW/N4tjxQ==",
      "requires": {
        "eventemitter3": "^4.0.7",
        "path": "^0.12.7"
      }
    },
    "picocolors": {
      "version": "1.0.0",
      "resolved": "https://registry.npmjs.org/picocolors/-/picocolors-1.0.0.tgz",
      "integrity": "sha512-1fygroTLlHu66zi26VoTDv8yRgm0Fccecssto+MhsZ0D/DGW2sm8E8AjW7NU5VVTRt5GxbeZ5qBuJr+HyLYkjQ==",
      "dev": true
    },
    "picomatch": {
      "version": "2.3.0",
      "resolved": "https://registry.npmjs.org/picomatch/-/picomatch-2.3.0.tgz",
      "integrity": "sha512-lY1Q/PiJGC2zOv/z391WOTD+Z02bCgsFfvxoXXf6h7kv9o+WmsmzYqrAwY63sNgOxE4xEdq0WyUnXfKeBrSvYw==",
      "dev": true
    },
    "postcss": {
      "version": "8.3.11",
      "resolved": "https://registry.npmjs.org/postcss/-/postcss-8.3.11.tgz",
      "integrity": "sha512-hCmlUAIlUiav8Xdqw3Io4LcpA1DOt7h3LSTAC4G6JGHFFaWzI6qvFt9oilvl8BmkbBRX1IhM90ZAmpk68zccQA==",
      "dev": true,
      "requires": {
        "nanoid": "^3.1.30",
        "picocolors": "^1.0.0",
        "source-map-js": "^0.6.2"
      }
    },
    "process": {
      "version": "0.11.10",
      "resolved": "https://registry.npmjs.org/process/-/process-0.11.10.tgz",
      "integrity": "sha1-czIwDoQBYb2j5podHZGn1LwW8YI="
    },
    "readdirp": {
      "version": "3.6.0",
      "resolved": "https://registry.npmjs.org/readdirp/-/readdirp-3.6.0.tgz",
      "integrity": "sha512-hOS089on8RduqdbhvQ5Z37A0ESjsqz6qnRcffsMU3495FuTdqSm+7bhJ29JvIOsBDEEnan5DPu9t3To9VRlMzA==",
      "dev": true,
      "requires": {
        "picomatch": "^2.2.1"
      }
    },
    "resolve": {
      "version": "1.20.0",
      "resolved": "https://registry.npmjs.org/resolve/-/resolve-1.20.0.tgz",
      "integrity": "sha512-wENBPt4ySzg4ybFQW2TT1zMQucPK95HSh/nq2CFTZVOGut2+pQvSsgtda4d26YrYcr067wjbmzOG8byDPBX63A==",
      "dev": true,
      "requires": {
        "is-core-module": "^2.2.0",
        "path-parse": "^1.0.6"
      }
    },
    "rollup": {
      "version": "2.58.3",
      "resolved": "https://registry.npmjs.org/rollup/-/rollup-2.58.3.tgz",
      "integrity": "sha512-ei27MSw1KhRur4p87Q0/Va2NAYqMXOX++FNEumMBcdreIRLURKy+cE2wcDJKBn0nfmhP2ZGrJkP1XPO+G8FJQw==",
      "dev": true,
      "requires": {
        "fsevents": "~2.3.2"
      }
    },
    "sass": {
      "version": "1.43.4",
      "resolved": "https://registry.npmjs.org/sass/-/sass-1.43.4.tgz",
      "integrity": "sha512-/ptG7KE9lxpGSYiXn7Ar+lKOv37xfWsZRtFYal2QHNigyVQDx685VFT/h7ejVr+R8w7H4tmUgtulsKl5YpveOg==",
      "dev": true,
      "requires": {
        "chokidar": ">=3.0.0 <4.0.0"
      }
    },
    "source-map-js": {
      "version": "0.6.2",
      "resolved": "https://registry.npmjs.org/source-map-js/-/source-map-js-0.6.2.tgz",
      "integrity": "sha512-/3GptzWzu0+0MBQFrDKzw/DvvMTUORvgY6k6jd/VS6iCR4RDTKWH6v6WPwQoUO8667uQEf9Oe38DxAYWY5F/Ug==",
      "dev": true
    },
    "to-regex-range": {
      "version": "5.0.1",
      "resolved": "https://registry.npmjs.org/to-regex-range/-/to-regex-range-5.0.1.tgz",
      "integrity": "sha512-65P7iz6X5yEr1cwcgvQxbbIw7Uk3gOy5dIdtZ4rDveLqhrdJP+Li/Hx6tyK0NEb+2GCyneCMJiGqrADCSNk8sQ==",
      "dev": true,
      "requires": {
        "is-number": "^7.0.0"
      }
    },
    "typescript": {
      "version": "4.4.4",
      "resolved": "https://registry.npmjs.org/typescript/-/typescript-4.4.4.tgz",
      "integrity": "sha512-DqGhF5IKoBl8WNf8C1gu8q0xZSInh9j1kJJMqT3a94w1JzVaBU4EXOSMrz9yDqMT0xt3selp83fuFMQ0uzv6qA==",
      "dev": true
    },
    "util": {
      "version": "0.10.4",
      "resolved": "https://registry.npmjs.org/util/-/util-0.10.4.tgz",
      "integrity": "sha512-0Pm9hTQ3se5ll1XihRic3FDIku70C+iHUdT/W926rSgHV5QgXsYbKZN8MSC3tJtSkhuROzvsQjAaFENRXr+19A==",
      "requires": {
        "inherits": "2.0.3"
      }
    },
    "vite": {
      "version": "2.6.13",
      "resolved": "https://registry.npmjs.org/vite/-/vite-2.6.13.tgz",
      "integrity": "sha512-+tGZ1OxozRirTudl4M3N3UTNJOlxdVo/qBl2IlDEy/ZpTFcskp+k5ncNjayR3bRYTCbqSOFz2JWGN1UmuDMScA==",
      "dev": true,
      "requires": {
        "esbuild": "^0.13.2",
        "fsevents": "~2.3.2",
        "postcss": "^8.3.8",
        "resolve": "^1.20.0",
        "rollup": "^2.57.0"
      }
    }
  }
}
